
Microsoft Visual Studio Solution File, Format Version 11.00
# Visual Studio 2010
Project("{2150E333-8FDC-42A3-9474-1A3956D46DE8}") = ".nuget", ".nuget", "{E45B6A64-D5C0-4283-8351-0F06CC73203E}"
EndProject
Project("{FAE04EC0-301F-11D3-BF4B-00C04F79EFBC}") = "PersonalFinance.Domain", "PersonalFinance.Domain\PersonalFinance.Domain.csproj", "{E44FB0B4-BBEE-4BFB-A61F-D93EEA683D71}"
EndProject
Project("{FAE04EC0-301F-11D3-BF4B-00C04F79EFBC}") = "PersonalFinance.Data", "PersonalFinance.Data\PersonalFinance.Data.csproj", "{E337A6E9-5C02-4CBD-A560-983352876506}"
EndProject
Project("{FAE04EC0-301F-11D3-BF4B-00C04F79EFBC}") = "PersonalFinance.Service", "PersonalFinance.Service\PersonalFinance.Service.csproj", "{90B43466-B12F-4BB2-8566-F25F8FB48EB1}"
EndProject
Project("{FAE04EC0-301F-11D3-BF4B-00C04F79EFBC}") = "PersonalFinance.WebUI", "PersonalFinance.WebUI\PersonalFinance.WebUI.csproj", "{91934FDC-7C3E-492B-853A-B20ACB7E977A}"
EndProject
Project("{FAE04EC0-301F-11D3-BF4B-00C04F79EFBC}") = "PersonalFinance.Data.Tests", "PersonalFinance.Data.Tests\PersonalFinance.Data.Tests.csproj", "{14322DDC-3A2B-43D1-8E85-AC89F0CB4D0B}"
EndProject
Project("{2150E333-8FDC-42A3-9474-1A3956D46DE8}") = "Solution Items", "Solution Items", "{E5DC3466-0C2A-4BDF-B5B9-76051F76CA9F}"
EndProject
Project("{FAE04EC0-301F-11D3-BF4B-00C04F79EFBC}") = "PersonalFinance.Service.Tests", "PersonalFinance.Service.Tests\PersonalFinance.Service.Tests.csproj", "{3BBCE6AC-A64D-4538-BB6E-4BF198D769AC}"
EndProject
Global
	GlobalSection(TestCaseManagementSettings) = postSolution
		CategoryFile = PersonalFinance.vsmdi
	EndGlobalSection
	GlobalSection(SolutionConfigurationPlatforms) = preSolution
		Debug|Any CPU = Debug|Any CPU
		Release|Any CPU = Release|Any CPU
	EndGlobalSection
	GlobalSection(ProjectConfigurationPlatforms) = postSolution
		{E44FB0B4-BBEE-4BFB-A61F-D93EEA683D71}.Debug|Any CPU.ActiveCfg = Debug|Any CPU
		{E44FB0B4-BBEE-4BFB-A61F-D93EEA683D71}.Debug|Any CPU.Build.0 = Debug|Any CPU
		{E44FB0B4-BBEE-4BFB-A61F-D93EEA683D71}.Release|Any CPU.ActiveCfg = Release|Any CPU
		{E44FB0B4-BBEE-4BFB-A61F-D93EEA683D71}.Release|Any CPU.Build.0 = Release|Any CPU
		{E337A6E9-5C02-4CBD-A560-983352876506}.Debug|Any CPU.ActiveCfg = Debug|Any CPU
		{E337A6E9-5C02-4CBD-A560-983352876506}.Debug|Any CPU.Build.0 = Debug|Any CPU
		{E337A6E9-5C02-4CBD-A560-983352876506}.Release|Any CPU.ActiveCfg = Release|Any CPU
		{E337A6E9-5C02-4CBD-A560-983352876506}.Release|Any CPU.Build.0 = Release|Any CPU
		{90B43466-B12F-4BB2-8566-F25F8FB48EB1}.Debug|Any CPU.ActiveCfg = Debug|Any CPU
		{90B43466-B12F-4BB2-8566-F25F8FB48EB1}.Debug|Any CPU.Build.0 = Debug|Any CPU
		{90B43466-B12F-4BB2-8566-F25F8FB48EB1}.Release|Any CPU.ActiveCfg = Release|Any CPU
		{90B43466-B12F-4BB2-8566-F25F8FB48EB1}.Release|Any CPU.Build.0 = Release|Any CPU
		{91934FDC-7C3E-492B-853A-B20ACB7E977A}.Debug|Any CPU.ActiveCfg = Debug|Any CPU
		{91934FDC-7C3E-492B-853A-B20ACB7E977A}.Debug|Any CPU.Build.0 = Debug|Any CPU
		{91934FDC-7C3E-492B-853A-B20ACB7E977A}.Release|Any CPU.ActiveCfg = Release|Any CPU
		{91934FDC-7C3E-492B-853A-B20ACB7E977A}.Release|Any CPU.Build.0 = Release|Any CPU
		{14322DDC-3A2B-43D1-8E85-AC89F0CB4D0B}.Debug|Any CPU.ActiveCfg = Debug|Any CPU
		{14322DDC-3A2B-43D1-8E85-AC89F0CB4D0B}.Debug|Any CPU.Build.0 = Debug|Any CPU
		{14322DDC-3A2B-43D1-8E85-AC89F0CB4D0B}.Release|Any CPU.ActiveCfg = Release|Any CPU
		{14322DDC-3A2B-43D1-8E85-AC89F0CB4D0B}.Release|Any CPU.Build.0 = Release|Any CPU
		{3BBCE6AC-A64D-4538-BB6E-4BF198D769AC}.Debug|Any CPU.ActiveCfg = Debug|Any CPU
		{3BBCE6AC-A64D-4538-BB6E-4BF198D769AC}.Debug|Any CPU.Build.0 = Debug|Any CPU
		{3BBCE6AC-A64D-4538-BB6E-4BF198D769AC}.Release|Any CPU.ActiveCfg = Release|Any CPU
		{3BBCE6AC-A64D-4538-BB6E-4BF198D769AC}.Release|Any CPU.Build.0 = Release|Any CPU
	EndGlobalSection
	GlobalSection(SolutionProperties) = preSolution
		HideSolutionNode = FALSE
	EndGlobalSection
EndGlobal
